
Microsoft Visual Studio Solution File, Format Version 12.00
# Visual Studio Version 16
VisualStudioVersion = 16.0.29509.3
MinimumVisualStudioVersion = 10.0.40219.1
Project("{9A19103F-16F7-4668-BE54-9A1E7A4F7556}") = "RandomSimulation", "RandomSimulation\RandomSimulation.csproj", "{EE8258DE-4CAB-45DC-A7C7-C277E06A91F6}"
EndProject
Project("{F2A71F9B-5D33-465A-A702-920D77279786}") = "Engine", "Engine\Engine.fsproj", "{1BC7F946-DFBD-4A52-8EB8-ABC7050609F8}"
EndProject
Global
	GlobalSection(SolutionConfigurationPlatforms) = preSolution
		Debug|Any CPU = Debug|Any CPU
		Release|Any CPU = Release|Any CPU
	EndGlobalSection
	GlobalSection(ProjectConfigurationPlatforms) = postSolution
		{EE8258DE-4CAB-45DC-A7C7-C277E06A91F6}.Debug|Any CPU.ActiveCfg = Debug|Any CPU
		{EE8258DE-4CAB-45DC-A7C7-C277E06A91F6}.Debug|Any CPU.Build.0 = Debug|Any CPU
		{EE8258DE-4CAB-45DC-A7C7-C277E06A91F6}.Release|Any CPU.ActiveCfg = Release|Any CPU
		{EE8258DE-4CAB-45DC-A7C7-C277E06A91F6}.Release|Any CPU.Build.0 = Release|Any CPU
		{1BC7F946-DFBD-4A52-8EB8-ABC7050609F8}.Debug|Any CPU.ActiveCfg = Debug|Any CPU
		{1BC7F946-DFBD-4A52-8EB8-ABC7050609F8}.Debug|Any CPU.Build.0 = Debug|Any CPU
		{1BC7F946-DFBD-4A52-8EB8-ABC7050609F8}.Release|Any CPU.ActiveCfg = Release|Any CPU
		{1BC7F946-DFBD-4A52-8EB8-ABC7050609F8}.Release|Any CPU.Build.0 = Release|Any CPU
	EndGlobalSection
	GlobalSection(SolutionProperties) = preSolution
		HideSolutionNode = FALSE
	EndGlobalSection
	GlobalSection(ExtensibilityGlobals) = postSolution
		SolutionGuid = {6A33991B-926E-4B85-93FF-6A5034A915AC}
	EndGlobalSection
EndGlobal
